
Microsoft Visual Studio Solution File, Format Version 12.00
# Visual Studio Version 17
VisualStudioVersion = 17.10.35122.118
MinimumVisualStudioVersion = 10.0.40219.1
Project("{9A19103F-16F7-4668-BE54-9A1E7A4F7556}") = "ToDoList", "ToDoList.csproj", "{10A435A5-B7D0-4C44-B6A7-AA914E178503}"
EndProject
Global
	GlobalSection(SolutionConfigurationPlatforms) = preSolution
		Debug|Any CPU = Debug|Any CPU
		Release|Any CPU = Release|Any CPU
	EndGlobalSection
	GlobalSection(ProjectConfigurationPlatforms) = postSolution
		{10A435A5-B7D0-4C44-B6A7-AA914E178503}.Debug|Any CPU.ActiveCfg = Debug|Any CPU
		{10A435A5-B7D0-4C44-B6A7-AA914E178503}.Debug|Any CPU.Build.0 = Debug|Any CPU
		{10A435A5-B7D0-4C44-B6A7-AA914E178503}.Release|Any CPU.ActiveCfg = Release|Any CPU
		{10A435A5-B7D0-4C44-B6A7-AA914E178503}.Release|Any CPU.Build.0 = Release|Any CPU
	EndGlobalSection
	GlobalSection(SolutionProperties) = preSolution
		HideSolutionNode = FALSE
	EndGlobalSection
	GlobalSection(ExtensibilityGlobals) = postSolution
		SolutionGuid = {6807DC13-C4DE-4DDD-AE38-379DC0E36EFE}
	EndGlobalSection
EndGlobal
